// !$*UTF8*$!
{
	archiveVersion = 1;
	classes = {
	};
	objectVersion = 50;
	objects = {

/* Begin PBXBuildFile section */
		4865E5A9209C363B003BE430 /* AppDelegate.swift in Sources */ = {isa = PBXBuildFile; fileRef = 4865E5A8209C363B003BE430 /* AppDelegate.swift */; };
		4865E5AB209C363B003BE430 /* ViewController.swift in Sources */ = {isa = PBXBuildFile; fileRef = 4865E5AA209C363B003BE430 /* ViewController.swift */; };
		4865E5B0209C363C003BE430 /* Assets.xcassets in Resources */ = {isa = PBXBuildFile; fileRef = 4865E5AF209C363C003BE430 /* Assets.xcassets */; };
		4865E5B3209C363C003BE430 /* LaunchScreen.storyboard in Resources */ = {isa = PBXBuildFile; fileRef = 4865E5B1209C363C003BE430 /* LaunchScreen.storyboard */; };
		4865E5BC209C3707003BE430 /* LinkedList.swift in Sources */ = {isa = PBXBuildFile; fileRef = 4865E5BB209C3707003BE430 /* LinkedList.swift */; };
		4865E5BE209C370E003BE430 /* Stack.swift in Sources */ = {isa = PBXBuildFile; fileRef = 4865E5BD209C370E003BE430 /* Stack.swift */; };
		4865E5C0209C3716003BE430 /* Queue.swift in Sources */ = {isa = PBXBuildFile; fileRef = 4865E5BF209C3716003BE430 /* Queue.swift */; };
		4865E5C2209C3747003BE430 /* Tree.swift in Sources */ = {isa = PBXBuildFile; fileRef = 4865E5C1209C3747003BE430 /* Tree.swift */; };
		4865E5C4209C374F003BE430 /* Heap.swift in Sources */ = {isa = PBXBuildFile; fileRef = 4865E5C3209C374F003BE430 /* Heap.swift */; };
		4865E5C6209C5B34003BE430 /* BinaryTree.swift in Sources */ = {isa = PBXBuildFile; fileRef = 4865E5C5209C5B34003BE430 /* BinaryTree.swift */; };
		4865E5C8209C67FD003BE430 /* BinarySearchTree.swift in Sources */ = {isa = PBXBuildFile; fileRef = 4865E5C7209C67FD003BE430 /* BinarySearchTree.swift */; };
		4865E5CA20A189AC003BE430 /* MedianHeap.swift in Sources */ = {isa = PBXBuildFile; fileRef = 4865E5C920A189AC003BE430 /* MedianHeap.swift */; };
/* End PBXBuildFile section */

/* Begin PBXFileReference section */
		4865E5A5209C363B003BE430 /* Algorithm.app */ = {isa = PBXFileReference; explicitFileType = wrapper.application; includeInIndex = 0; path = Algorithm.app; sourceTree = BUILT_PRODUCTS_DIR; };
		4865E5A8209C363B003BE430 /* AppDelegate.swift */ = {isa = PBXFileReference; lastKnownFileType = sourcecode.swift; path = AppDelegate.swift; sourceTree = "<group>"; };
		4865E5AA209C363B003BE430 /* ViewController.swift */ = {isa = PBXFileReference; lastKnownFileType = sourcecode.swift; path = ViewController.swift; sourceTree = "<group>"; };
		4865E5AF209C363C003BE430 /* Assets.xcassets */ = {isa = PBXFileReference; lastKnownFileType = folder.assetcatalog; path = Assets.xcassets; sourceTree = "<group>"; };
		4865E5B2209C363C003BE430 /* Base */ = {isa = PBXFileReference; lastKnownFileType = file.storyboard; name = Base; path = Base.lproj/LaunchScreen.storyboard; sourceTree = "<group>"; };
		4865E5B4209C363C003BE430 /* Info.plist */ = {isa = PBXFileReference; lastKnownFileType = text.plist.xml; path = Info.plist; sourceTree = "<group>"; };
		4865E5BB209C3707003BE430 /* LinkedList.swift */ = {isa = PBXFileReference; lastKnownFileType = sourcecode.swift; path = LinkedList.swift; sourceTree = "<group>"; };
		4865E5BD209C370E003BE430 /* Stack.swift */ = {isa = PBXFileReference; lastKnownFileType = sourcecode.swift; path = Stack.swift; sourceTree = "<group>"; };
		4865E5BF209C3716003BE430 /* Queue.swift */ = {isa = PBXFileReference; lastKnownFileType = sourcecode.swift; path = Queue.swift; sourceTree = "<group>"; };
		4865E5C1209C3747003BE430 /* Tree.swift */ = {isa = PBXFileReference; lastKnownFileType = sourcecode.swift; path = Tree.swift; sourceTree = "<group>"; };
		4865E5C3209C374F003BE430 /* Heap.swift */ = {isa = PBXFileReference; lastKnownFileType = sourcecode.swift; path = Heap.swift; sourceTree = "<group>"; };
		4865E5C5209C5B34003BE430 /* BinaryTree.swift */ = {isa = PBXFileReference; lastKnownFileType = sourcecode.swift; path = BinaryTree.swift; sourceTree = "<group>"; };
		4865E5C7209C67FD003BE430 /* BinarySearchTree.swift */ = {isa = PBXFileReference; lastKnownFileType = sourcecode.swift; path = BinarySearchTree.swift; sourceTree = "<group>"; };
		4865E5C920A189AC003BE430 /* MedianHeap.swift */ = {isa = PBXFileReference; lastKnownFileType = sourcecode.swift; path = MedianHeap.swift; sourceTree = "<group>"; };
/* End PBXFileReference section */

/* Begin PBXFrameworksBuildPhase section */
		4865E5A2209C363B003BE430 /* Frameworks */ = {
			isa = PBXFrameworksBuildPhase;
			buildActionMask = 2147483647;
			files = (
			);
			runOnlyForDeploymentPostprocessing = 0;
		};
/* End PBXFrameworksBuildPhase section */

/* Begin PBXGroup section */
		4865E59C209C363B003BE430 = {
			isa = PBXGroup;
			children = (
				4865E5A7209C363B003BE430 /* Algorithm */,
				4865E5A6209C363B003BE430 /* Products */,
			);
			sourceTree = "<group>";
		};
		4865E5A6209C363B003BE430 /* Products */ = {
			isa = PBXGroup;
			children = (
				4865E5A5209C363B003BE430 /* Algorithm.app */,
			);
			name = Products;
			sourceTree = "<group>";
		};
		4865E5A7209C363B003BE430 /* Algorithm */ = {
			isa = PBXGroup;
			children = (
				4865E5BA209C36AF003BE430 /* DataStructure */,
				4865E5A8209C363B003BE430 /* AppDelegate.swift */,
				4865E5AA209C363B003BE430 /* ViewController.swift */,
				4865E5AF209C363C003BE430 /* Assets.xcassets */,
				4865E5B1209C363C003BE430 /* LaunchScreen.storyboard */,
				4865E5B4209C363C003BE430 /* Info.plist */,
			);
			path = Algorithm;
			sourceTree = "<group>";
		};
		4865E5BA209C36AF003BE430 /* DataStructure */ = {
			isa = PBXGroup;
			children = (
				4865E5BB209C3707003BE430 /* LinkedList.swift */,
				4865E5BD209C370E003BE430 /* Stack.swift */,
				4865E5BF209C3716003BE430 /* Queue.swift */,
				4865E5C1209C3747003BE430 /* Tree.swift */,
				4865E5C3209C374F003BE430 /* Heap.swift */,
				4865E5C5209C5B34003BE430 /* BinaryTree.swift */,
				4865E5C7209C67FD003BE430 /* BinarySearchTree.swift */,
				4865E5C920A189AC003BE430 /* MedianHeap.swift */,
			);
			path = DataStructure;
			sourceTree = "<group>";
		};
/* End PBXGroup section */

/* Begin PBXNativeTarget section */
		4865E5A4209C363B003BE430 /* Algorithm */ = {
			isa = PBXNativeTarget;
			buildConfigurationList = 4865E5B7209C363C003BE430 /* Build configuration list for PBXNativeTarget "Algorithm" */;
			buildPhases = (
				4865E5A1209C363B003BE430 /* Sources */,
				4865E5A2209C363B003BE430 /* Frameworks */,
				4865E5A3209C363B003BE430 /* Resources */,
			);
			buildRules = (
			);
			dependencies = (
			);
			name = Algorithm;
			productName = Algorithm;
			productReference = 4865E5A5209C363B003BE430 /* Algorithm.app */;
			productType = "com.apple.product-type.application";
		};
/* End PBXNativeTarget section */

/* Begin PBXProject section */
		4865E59D209C363B003BE430 /* Project object */ = {
			isa = PBXProject;
			attributes = {
				LastSwiftUpdateCheck = 0930;
				LastUpgradeCheck = 0930;
				ORGANIZATIONNAME = samchon;
				TargetAttributes = {
					4865E5A4209C363B003BE430 = {
						CreatedOnToolsVersion = 9.3;
					};
				};
			};
			buildConfigurationList = 4865E5A0209C363B003BE430 /* Build configuration list for PBXProject "Algorithm" */;
			compatibilityVersion = "Xcode 9.3";
			developmentRegion = en;
			hasScannedForEncodings = 0;
			knownRegions = (
				en,
				Base,
			);
			mainGroup = 4865E59C209C363B003BE430;
			productRefGroup = 4865E5A6209C363B003BE430 /* Products */;
			projectDirPath = "";
			projectRoot = "";
			targets = (
				4865E5A4209C363B003BE430 /* Algorithm */,
			);
		};
/* End PBXProject section */

/* Begin PBXResourcesBuildPhase section */
		4865E5A3209C363B003BE430 /* Resources */ = {
			isa = PBXResourcesBuildPhase;
			buildActionMask = 2147483647;
			files = (
				4865E5B3209C363C003BE430 /* LaunchScreen.storyboard in Resources */,
				4865E5B0209C363C003BE430 /* Assets.xcassets in Resources */,
			);
			runOnlyForDeploymentPostprocessing = 0;
		};
/* End PBXResourcesBuildPhase section */

/* Begin PBXSourcesBuildPhase section */
		4865E5A1209C363B003BE430 /* Sources */ = {
			isa = PBXSourcesBuildPhase;
			buildActionMask = 2147483647;
			files = (
				4865E5C6209C5B34003BE430 /* BinaryTree.swift in Sources */,
				4865E5CA20A189AC003BE430 /* MedianHeap.swift in Sources */,
				4865E5C0209C3716003BE430 /* Queue.swift in Sources */,
				4865E5BE209C370E003BE430 /* Stack.swift in Sources */,
				4865E5BC209C3707003BE430 /* LinkedList.swift in Sources */,
				4865E5C2209C3747003BE430 /* Tree.swift in Sources */,
				4865E5C8209C67FD003BE430 /* BinarySearchTree.swift in Sources */,
				4865E5AB209C363B003BE430 /* ViewController.swift in Sources */,
				4865E5A9209C363B003BE430 /* AppDelegate.swift in Sources */,
				4865E5C4209C374F003BE430 /* Heap.swift in Sources */,
			);
			runOnlyForDeploymentPostprocessing = 0;
		};
/* End PBXSourcesBuildPhase section */

/* Begin PBXVariantGroup section */
		4865E5B1209C363C003BE430 /* LaunchScreen.storyboard */ = {
			isa = PBXVariantGroup;
			children = (
				4865E5B2209C363C003BE430 /* Base */,
			);
			name = LaunchScreen.storyboard;
			sourceTree = "<group>";
		};
/* End PBXVariantGroup section */

/* Begin XCBuildConfiguration section */
		4865E5B5209C363C003BE430 /* Debug */ = {
			isa = XCBuildConfiguration;
			buildSettings = {
				ALWAYS_SEARCH_USER_PATHS = NO;
				CLANG_ANALYZER_NONNULL = YES;
				CLANG_ANALYZER_NUMBER_OBJECT_CONVERSION = YES_AGGRESSIVE;
				CLANG_CXX_LANGUAGE_STANDARD = "gnu++14";
				CLANG_CXX_LIBRARY = "libc++";
				CLANG_ENABLE_MODULES = YES;
				CLANG_ENABLE_OBJC_ARC = YES;
				CLANG_ENABLE_OBJC_WEAK = YES;
				CLANG_WARN_BLOCK_CAPTURE_AUTORELEASING = YES;
				CLANG_WARN_BOOL_CONVERSION = YES;
				CLANG_WARN_COMMA = YES;
				CLANG_WARN_CONSTANT_CONVERSION = YES;
				CLANG_WARN_DEPRECATED_OBJC_IMPLEMENTATIONS = YES;
				CLANG_WARN_DIRECT_OBJC_ISA_USAGE = YES_ERROR;
				CLANG_WARN_DOCUMENTATION_COMMENTS = YES;
				CLANG_WARN_EMPTY_BODY = YES;
				CLANG_WARN_ENUM_CONVERSION = YES;
				CLANG_WARN_INFINITE_RECURSION = YES;
				CLANG_WARN_INT_CONVERSION = YES;
				CLANG_WARN_NON_LITERAL_NULL_CONVERSION = YES;
				CLANG_WARN_OBJC_IMPLICIT_RETAIN_SELF = YES;
				CLANG_WARN_OBJC_LITERAL_CONVERSION = YES;
				CLANG_WARN_OBJC_ROOT_CLASS = YES_ERROR;
				CLANG_WARN_RANGE_LOOP_ANALYSIS = YES;
				CLANG_WARN_STRICT_PROTOTYPES = YES;
				CLANG_WARN_SUSPICIOUS_MOVE = YES;
				CLANG_WARN_UNGUARDED_AVAILABILITY = YES_AGGRESSIVE;
				CLANG_WARN_UNREACHABLE_CODE = YES;
				CLANG_WARN__DUPLICATE_METHOD_MATCH = YES;
				CODE_SIGN_IDENTITY = "iPhone Developer";
				COPY_PHASE_STRIP = NO;
				DEBUG_INFORMATION_FORMAT = dwarf;
				ENABLE_STRICT_OBJC_MSGSEND = YES;
				ENABLE_TESTABILITY = YES;
				GCC_C_LANGUAGE_STANDARD = gnu11;
				GCC_DYNAMIC_NO_PIC = NO;
				GCC_NO_COMMON_BLOCKS = YES;
				GCC_OPTIMIZATION_LEVEL = 0;
				GCC_PREPROCESSOR_DEFINITIONS = (
					"DEBUG=1",
					"$(inherited)",
				);
				GCC_WARN_64_TO_32_BIT_CONVERSION = YES;
				GCC_WARN_ABOUT_RETURN_TYPE = YES_ERROR;
				GCC_WARN_UNDECLARED_SELECTOR = YES;
				GCC_WARN_UNINITIALIZED_AUTOS = YES_AGGRESSIVE;
				GCC_WARN_UNUSED_FUNCTION = YES;
				GCC_WARN_UNUSED_VARIABLE = YES;
				IPHONEOS_DEPLOYMENT_TARGET = 11.3;
				MTL_ENABLE_DEBUG_INFO = YES;
				ONLY_ACTIVE_ARCH = YES;
				SDKROOT = iphoneos;
				SWIFT_ACTIVE_COMPILATION_CONDITIONS = DEBUG;
				SWIFT_OPTIMIZATION_LEVEL = "-Onone";
			};
			name = Debug;
		};
		4865E5B6209C363C003BE430 /* Release */ = {
			isa = XCBuildConfiguration;
			buildSettings = {
				ALWAYS_SEARCH_USER_PATHS = NO;
				CLANG_ANALYZER_NONNULL = YES;
				CLANG_ANALYZER_NUMBER_OBJECT_CONVERSION = YES_AGGRESSIVE;
				CLANG_CXX_LANGUAGE_STANDARD = "gnu++14";
				CLANG_CXX_LIBRARY = "libc++";
				CLANG_ENABLE_MODULES = YES;
				CLANG_ENABLE_OBJC_ARC = YES;
				CLANG_ENABLE_OBJC_WEAK = YES;
				CLANG_WARN_BLOCK_CAPTURE_AUTORELEASING = YES;
				CLANG_WARN_BOOL_CONVERSION = YES;
				CLANG_WARN_COMMA = YES;
				CLANG_WARN_CONSTANT_CONVERSION = YES;
				CLANG_WARN_DEPRECATED_OBJC_IMPLEMENTATIONS = YES;
				CLANG_WARN_DIRECT_OBJC_ISA_USAGE = YES_ERROR;
				CLANG_WARN_DOCUMENTATION_COMMENTS = YES;
				CLANG_WARN_EMPTY_BODY = YES;
				CLANG_WARN_ENUM_CONVERSION = YES;
				CLANG_WARN_INFINITE_RECURSION = YES;
				CLANG_WARN_INT_CONVERSION = YES;
				CLANG_WARN_NON_LITERAL_NULL_CONVERSION = YES;
				CLANG_WARN_OBJC_IMPLICIT_RETAIN_SELF = YES;
				CLANG_WARN_OBJC_LITERAL_CONVERSION = YES;
				CLANG_WARN_OBJC_ROOT_CLASS = YES_ERROR;
				CLANG_WARN_RANGE_LOOP_ANALYSIS = YES;
				CLANG_WARN_STRICT_PROTOTYPES = YES;
				CLANG_WARN_SUSPICIOUS_MOVE = YES;
				CLANG_WARN_UNGUARDED_AVAILABILITY = YES_AGGRESSIVE;
				CLANG_WARN_UNREACHABLE_CODE = YES;
				CLANG_WARN__DUPLICATE_METHOD_MATCH = YES;
				CODE_SIGN_IDENTITY = "iPhone Developer";
				COPY_PHASE_STRIP = NO;
				DEBUG_INFORMATION_FORMAT = "dwarf-with-dsym";
				ENABLE_NS_ASSERTIONS = NO;
				ENABLE_STRICT_OBJC_MSGSEND = YES;
				GCC_C_LANGUAGE_STANDARD = gnu11;
				GCC_NO_COMMON_BLOCKS = YES;
				GCC_WARN_64_TO_32_BIT_CONVERSION = YES;
				GCC_WARN_ABOUT_RETURN_TYPE = YES_ERROR;
				GCC_WARN_UNDECLARED_SELECTOR = YES;
				GCC_WARN_UNINITIALIZED_AUTOS = YES_AGGRESSIVE;
				GCC_WARN_UNUSED_FUNCTION = YES;
				GCC_WARN_UNUSED_VARIABLE = YES;
				IPHONEOS_DEPLOYMENT_TARGET = 11.3;
				MTL_ENABLE_DEBUG_INFO = NO;
				SDKROOT = iphoneos;
				SWIFT_COMPILATION_MODE = wholemodule;
				SWIFT_OPTIMIZATION_LEVEL = "-O";
				VALIDATE_PRODUCT = YES;
			};
			name = Release;
		};
		4865E5B8209C363C003BE430 /* Debug */ = {
			isa = XCBuildConfiguration;
			buildSettings = {
				ASSETCATALOG_COMPILER_APPICON_NAME = AppIcon;
				CODE_SIGN_STYLE = Automatic;
				DEVELOPMENT_TEAM = J6JJA4UC5Z;
				INFOPLIST_FILE = Algorithm/Info.plist;
				LD_RUNPATH_SEARCH_PATHS = (
					"$(inherited)",
					"@executable_path/Frameworks",
				);
				PRODUCT_BUNDLE_IDENTIFIER = com.samchon.Algorithm;
				PRODUCT_NAME = "$(TARGET_NAME)";
				SWIFT_VERSION = 4.0;
				TARGETED_DEVICE_FAMILY = "1,2";
			};
			name = Debug;
		};
		4865E5B9209C363C003BE430 /* Release */ = {
			isa = XCBuildConfiguration;
			buildSettings = {
				ASSETCATALOG_COMPILER_APPICON_NAME = AppIcon;
				CODE_SIGN_STYLE = Automatic;
				DEVELOPMENT_TEAM = J6JJA4UC5Z;
				INFOPLIST_FILE = Algorithm/Info.plist;
				LD_RUNPATH_SEARCH_PATHS = (
					"$(inherited)",
					"@executable_path/Frameworks",
				);
				PRODUCT_BUNDLE_IDENTIFIER = com.samchon.Algorithm;
				PRODUCT_NAME = "$(TARGET_NAME)";
				SWIFT_VERSION = 4.0;
				TARGETED_DEVICE_FAMILY = "1,2";
			};
			name = Release;
		};
/* End XCBuildConfiguration section */

/* Begin XCConfigurationList section */
		4865E5A0209C363B003BE430 /* Build configuration list for PBXProject "Algorithm" */ = {
			isa = XCConfigurationList;
			buildConfigurations = (
				4865E5B5209C363C003BE430 /* Debug */,
				4865E5B6209C363C003BE430 /* Release */,
			);
			defaultConfigurationIsVisible = 0;
			defaultConfigurationName = Release;
		};
		4865E5B7209C363C003BE430 /* Build configuration list for PBXNativeTarget "Algorithm" */ = {
			isa = XCConfigurationList;
			buildConfigurations = (
				4865E5B8209C363C003BE430 /* Debug */,
				4865E5B9209C363C003BE430 /* Release */,
			);
			defaultConfigurationIsVisible = 0;
			defaultConfigurationName = Release;
		};
/* End XCConfigurationList section */
	};
	rootObject = 4865E59D209C363B003BE430 /* Project object */;
}
